
Microsoft Visual Studio Solution File, Format Version 12.00
# Visual Studio Version 16
VisualStudioVersion = 16.0.30104.148
MinimumVisualStudioVersion = 10.0.40219.1
Project("{FAE04EC0-301F-11D3-BF4B-00C04F79EFBC}") = "ado_basic", "ado_basic\ado_basic.csproj", "{D67FEC7C-9EFB-4A3A-BE93-36A93448E676}"
EndProject
Global
	GlobalSection(SolutionConfigurationPlatforms) = preSolution
		Debug|Any CPU = Debug|Any CPU
		Release|Any CPU = Release|Any CPU
	EndGlobalSection
	GlobalSection(ProjectConfigurationPlatforms) = postSolution
		{D67FEC7C-9EFB-4A3A-BE93-36A93448E676}.Debug|Any CPU.ActiveCfg = Debug|Any CPU
		{D67FEC7C-9EFB-4A3A-BE93-36A93448E676}.Debug|Any CPU.Build.0 = Debug|Any CPU
		{D67FEC7C-9EFB-4A3A-BE93-36A93448E676}.Release|Any CPU.ActiveCfg = Release|Any CPU
		{D67FEC7C-9EFB-4A3A-BE93-36A93448E676}.Release|Any CPU.Build.0 = Release|Any CPU
	EndGlobalSection
	GlobalSection(SolutionProperties) = preSolution
		HideSolutionNode = FALSE
	EndGlobalSection
	GlobalSection(ExtensibilityGlobals) = postSolution
		SolutionGuid = {FDC73121-5B0E-4BA6-8CED-6212E40E2947}
	EndGlobalSection
EndGlobal
